
Microsoft Visual Studio Solution File, Format Version 12.00
# Visual Studio Version 16
VisualStudioVersion = 16.0.29519.87
MinimumVisualStudioVersion = 10.0.40219.1
Project("{9A19103F-16F7-4668-BE54-9A1E7A4F7556}") = "RabbitMQ.Consumers", "RabbitMQ.Consumers\RabbitMQ.Consumers.csproj", "{A1313B28-9BBF-4675-914A-3A8E78351FFC}"
EndProject
Project("{9A19103F-16F7-4668-BE54-9A1E7A4F7556}") = "RabbitMQ.Supplier", "RabbitMQ.Supplier\RabbitMQ.Supplier.csproj", "{653BBFC9-BCAF-4FD2-9FE9-865539A09C94}"
EndProject
Project("{FAE04EC0-301F-11D3-BF4B-00C04F79EFBC}") = "RabbitMQWatermarkWeb", "RabbitMQWatermarkWeb\RabbitMQWatermarkWeb.csproj", "{4AA34B78-0C42-4D02-BF15-3D30278D4AD0}"
EndProject
Global
	GlobalSection(SolutionConfigurationPlatforms) = preSolution
		Debug|Any CPU = Debug|Any CPU
		Release|Any CPU = Release|Any CPU
	EndGlobalSection
	GlobalSection(ProjectConfigurationPlatforms) = postSolution
		{A1313B28-9BBF-4675-914A-3A8E78351FFC}.Debug|Any CPU.ActiveCfg = Debug|Any CPU
		{A1313B28-9BBF-4675-914A-3A8E78351FFC}.Debug|Any CPU.Build.0 = Debug|Any CPU
		{A1313B28-9BBF-4675-914A-3A8E78351FFC}.Release|Any CPU.ActiveCfg = Release|Any CPU
		{A1313B28-9BBF-4675-914A-3A8E78351FFC}.Release|Any CPU.Build.0 = Release|Any CPU
		{653BBFC9-BCAF-4FD2-9FE9-865539A09C94}.Debug|Any CPU.ActiveCfg = Debug|Any CPU
		{653BBFC9-BCAF-4FD2-9FE9-865539A09C94}.Debug|Any CPU.Build.0 = Debug|Any CPU
		{653BBFC9-BCAF-4FD2-9FE9-865539A09C94}.Release|Any CPU.ActiveCfg = Release|Any CPU
		{653BBFC9-BCAF-4FD2-9FE9-865539A09C94}.Release|Any CPU.Build.0 = Release|Any CPU
		{4AA34B78-0C42-4D02-BF15-3D30278D4AD0}.Debug|Any CPU.ActiveCfg = Debug|Any CPU
		{4AA34B78-0C42-4D02-BF15-3D30278D4AD0}.Debug|Any CPU.Build.0 = Debug|Any CPU
		{4AA34B78-0C42-4D02-BF15-3D30278D4AD0}.Release|Any CPU.ActiveCfg = Release|Any CPU
		{4AA34B78-0C42-4D02-BF15-3D30278D4AD0}.Release|Any CPU.Build.0 = Release|Any CPU
	EndGlobalSection
	GlobalSection(SolutionProperties) = preSolution
		HideSolutionNode = FALSE
	EndGlobalSection
	GlobalSection(ExtensibilityGlobals) = postSolution
		SolutionGuid = {896896AB-6149-467B-9F5C-54C1C93C587F}
	EndGlobalSection
EndGlobal
